
Microsoft Visual Studio Solution File, Format Version 12.00
# Visual Studio Version 16
VisualStudioVersion = 16.0.31729.503
MinimumVisualStudioVersion = 10.0.40219.1
Project("{FAE04EC0-301F-11D3-BF4B-00C04F79EFBC}") = "DemoGithubActions.API", "DemoGithubActions.API\DemoGithubActions.API.csproj", "{E1A4ED00-3C9F-4EA9-8634-913498DB6ACF}"
EndProject
Project("{FAE04EC0-301F-11D3-BF4B-00C04F79EFBC}") = "DemoGithubActions.Tests", "DemoGithubActions.Tests\DemoGithubActions.Tests.csproj", "{EB1C9B9F-18B9-4043-B42B-B4EA69184061}"
EndProject
Global
	GlobalSection(SolutionConfigurationPlatforms) = preSolution
		Debug|Any CPU = Debug|Any CPU
		Release|Any CPU = Release|Any CPU
	EndGlobalSection
	GlobalSection(ProjectConfigurationPlatforms) = postSolution
		{E1A4ED00-3C9F-4EA9-8634-913498DB6ACF}.Debug|Any CPU.ActiveCfg = Debug|Any CPU
		{E1A4ED00-3C9F-4EA9-8634-913498DB6ACF}.Debug|Any CPU.Build.0 = Debug|Any CPU
		{E1A4ED00-3C9F-4EA9-8634-913498DB6ACF}.Release|Any CPU.ActiveCfg = Release|Any CPU
		{E1A4ED00-3C9F-4EA9-8634-913498DB6ACF}.Release|Any CPU.Build.0 = Release|Any CPU
		{EB1C9B9F-18B9-4043-B42B-B4EA69184061}.Debug|Any CPU.ActiveCfg = Debug|Any CPU
		{EB1C9B9F-18B9-4043-B42B-B4EA69184061}.Debug|Any CPU.Build.0 = Debug|Any CPU
		{EB1C9B9F-18B9-4043-B42B-B4EA69184061}.Release|Any CPU.ActiveCfg = Release|Any CPU
		{EB1C9B9F-18B9-4043-B42B-B4EA69184061}.Release|Any CPU.Build.0 = Release|Any CPU
	EndGlobalSection
	GlobalSection(SolutionProperties) = preSolution
		HideSolutionNode = FALSE
	EndGlobalSection
	GlobalSection(ExtensibilityGlobals) = postSolution
		SolutionGuid = {E724B6AF-14C7-4DF7-9F38-A0B551AC9812}
	EndGlobalSection
EndGlobal
